
Microsoft Visual Studio Solution File, Format Version 11.00
# Visual Studio 2010
Project("{8BC9CEB8-8B4A-11D0-8D11-00A0C91BC942}") = "SignalProcess", "SignalProcess.vcxproj", "{181995AA-E81A-4139-BBEC-15CDCA55DE16}"
EndProject
Global
	GlobalSection(SourceCodeControl) = preSolution
		SccNumberOfProjects = 1
		SccProjectUniqueName0 = SignalProcess.vcxproj
		SccProjectName0 = \u0022$/PWB\u0022,\u0020BAAAAAAA
		SccLocalPath0 = ..
		SccProvider0 = MSSCCI:Microsoft\u0020Visual\u0020SourceSafe
		SccProjectFilePathRelativizedFromConnection0 = SignalProcess\\
	EndGlobalSection
	GlobalSection(SolutionConfigurationPlatforms) = preSolution
		Debug|Win32 = Debug|Win32
		Release|Win32 = Release|Win32
		Template|Win32 = Template|Win32
	EndGlobalSection
	GlobalSection(ProjectConfigurationPlatforms) = postSolution
		{181995AA-E81A-4139-BBEC-15CDCA55DE16}.Debug|Win32.ActiveCfg = Debug|Win32
		{181995AA-E81A-4139-BBEC-15CDCA55DE16}.Debug|Win32.Build.0 = Debug|Win32
		{181995AA-E81A-4139-BBEC-15CDCA55DE16}.Release|Win32.ActiveCfg = Release|Win32
		{181995AA-E81A-4139-BBEC-15CDCA55DE16}.Release|Win32.Build.0 = Release|Win32
		{181995AA-E81A-4139-BBEC-15CDCA55DE16}.Template|Win32.ActiveCfg = Template|Win32
		{181995AA-E81A-4139-BBEC-15CDCA55DE16}.Template|Win32.Build.0 = Template|Win32
	EndGlobalSection
	GlobalSection(SolutionProperties) = preSolution
		HideSolutionNode = FALSE
	EndGlobalSection
EndGlobal
